
Microsoft Visual Studio Solution File, Format Version 12.00
# Visual Studio Version 18
VisualStudioVersion = 18.0.11018.127
MinimumVisualStudioVersion = 10.0.40219.1
Project("{9A19103F-16F7-4668-BE54-9A1E7A4F7556}") = "MLDotNet-BaseballClassification", "MLDotNet-BaseballClassification\MLDotNet-BaseballClassification.csproj", "{7018CA01-2D07-49BA-84E1-329266C9DB1A}"
EndProject
Project("{FAE04EC0-301F-11D3-BF4B-00C04F79EFBC}") = "MLBDataTablesExport", "MLBDataTablesExport\MLBDataTablesExport.csproj", "{3C9CFFA2-7851-459E-B8FB-C22E6DF08787}"
EndProject
Global
	GlobalSection(SolutionConfigurationPlatforms) = preSolution
		Debug|Any CPU = Debug|Any CPU
		Debug|ARM64 = Debug|ARM64
		Debug|x64 = Debug|x64
		Release|Any CPU = Release|Any CPU
		Release|ARM64 = Release|ARM64
		Release|x64 = Release|x64
	EndGlobalSection
	GlobalSection(ProjectConfigurationPlatforms) = postSolution
		{7018CA01-2D07-49BA-84E1-329266C9DB1A}.Debug|Any CPU.ActiveCfg = Debug|Any CPU
		{7018CA01-2D07-49BA-84E1-329266C9DB1A}.Debug|Any CPU.Build.0 = Debug|Any CPU
		{7018CA01-2D07-49BA-84E1-329266C9DB1A}.Debug|ARM64.ActiveCfg = Debug|ARM64
		{7018CA01-2D07-49BA-84E1-329266C9DB1A}.Debug|ARM64.Build.0 = Debug|ARM64
		{7018CA01-2D07-49BA-84E1-329266C9DB1A}.Debug|x64.ActiveCfg = Debug|x64
		{7018CA01-2D07-49BA-84E1-329266C9DB1A}.Debug|x64.Build.0 = Debug|x64
		{7018CA01-2D07-49BA-84E1-329266C9DB1A}.Release|Any CPU.ActiveCfg = Release|Any CPU
		{7018CA01-2D07-49BA-84E1-329266C9DB1A}.Release|Any CPU.Build.0 = Release|Any CPU
		{7018CA01-2D07-49BA-84E1-329266C9DB1A}.Release|ARM64.ActiveCfg = Release|ARM64
		{7018CA01-2D07-49BA-84E1-329266C9DB1A}.Release|ARM64.Build.0 = Release|ARM64
		{7018CA01-2D07-49BA-84E1-329266C9DB1A}.Release|x64.ActiveCfg = Release|x64
		{7018CA01-2D07-49BA-84E1-329266C9DB1A}.Release|x64.Build.0 = Release|x64
		{3C9CFFA2-7851-459E-B8FB-C22E6DF08787}.Debug|Any CPU.ActiveCfg = Debug|Any CPU
		{3C9CFFA2-7851-459E-B8FB-C22E6DF08787}.Debug|Any CPU.Build.0 = Debug|Any CPU
		{3C9CFFA2-7851-459E-B8FB-C22E6DF08787}.Debug|ARM64.ActiveCfg = Debug|Any CPU
		{3C9CFFA2-7851-459E-B8FB-C22E6DF08787}.Debug|ARM64.Build.0 = Debug|Any CPU
		{3C9CFFA2-7851-459E-B8FB-C22E6DF08787}.Debug|x64.ActiveCfg = Debug|Any CPU
		{3C9CFFA2-7851-459E-B8FB-C22E6DF08787}.Debug|x64.Build.0 = Debug|Any CPU
		{3C9CFFA2-7851-459E-B8FB-C22E6DF08787}.Release|Any CPU.ActiveCfg = Release|Any CPU
		{3C9CFFA2-7851-459E-B8FB-C22E6DF08787}.Release|Any CPU.Build.0 = Release|Any CPU
		{3C9CFFA2-7851-459E-B8FB-C22E6DF08787}.Release|ARM64.ActiveCfg = Release|Any CPU
		{3C9CFFA2-7851-459E-B8FB-C22E6DF08787}.Release|ARM64.Build.0 = Release|Any CPU
		{3C9CFFA2-7851-459E-B8FB-C22E6DF08787}.Release|x64.ActiveCfg = Release|Any CPU
		{3C9CFFA2-7851-459E-B8FB-C22E6DF08787}.Release|x64.Build.0 = Release|Any CPU
	EndGlobalSection
	GlobalSection(SolutionProperties) = preSolution
		HideSolutionNode = FALSE
	EndGlobalSection
	GlobalSection(ExtensibilityGlobals) = postSolution
		SolutionGuid = {DEAFF613-1B5A-46CE-A28B-B6CF7B55005E}
	EndGlobalSection
EndGlobal
